// !$*UTF8*$!
{
	archiveVersion = 1;
	classes = {
	};
	objectVersion = 46;
	objects = {

/* Begin PBXBuildFile section */
		5798261C1DA0042700BB3EB8 /* AppDelegate.swift in Sources */ = {isa = PBXBuildFile; fileRef = 5798261B1DA0042700BB3EB8 /* AppDelegate.swift */; };
		579826211DA0042700BB3EB8 /* Main.storyboard in Resources */ = {isa = PBXBuildFile; fileRef = 5798261F1DA0042700BB3EB8 /* Main.storyboard */; };
		579826231DA0042700BB3EB8 /* Assets.xcassets in Resources */ = {isa = PBXBuildFile; fileRef = 579826221DA0042700BB3EB8 /* Assets.xcassets */; };
		579826261DA0042700BB3EB8 /* LaunchScreen.storyboard in Resources */ = {isa = PBXBuildFile; fileRef = 579826241DA0042700BB3EB8 /* LaunchScreen.storyboard */; };
		579826311DA0042800BB3EB8 /* Picture_HuntTests.swift in Sources */ = {isa = PBXBuildFile; fileRef = 579826301DA0042800BB3EB8 /* Picture_HuntTests.swift */; };
		5798263C1DA0042800BB3EB8 /* Picture_HuntUITests.swift in Sources */ = {isa = PBXBuildFile; fileRef = 5798263B1DA0042800BB3EB8 /* Picture_HuntUITests.swift */; };
		5798264C1DA0045900BB3EB8 /* LoginViewController.swift in Sources */ = {isa = PBXBuildFile; fileRef = 5798264B1DA0045900BB3EB8 /* LoginViewController.swift */; };
		5798264E1DA006D100BB3EB8 /* WelcomeViewController.swift in Sources */ = {isa = PBXBuildFile; fileRef = 5798264D1DA006D100BB3EB8 /* WelcomeViewController.swift */; };
		579826511DA00DA800BB3EB8 /* RootWireframe.swift in Sources */ = {isa = PBXBuildFile; fileRef = 579826501DA00DA800BB3EB8 /* RootWireframe.swift */; };
		579826531DA00E4000BB3EB8 /* LoginWireframe.swift in Sources */ = {isa = PBXBuildFile; fileRef = 579826521DA00E4000BB3EB8 /* LoginWireframe.swift */; };
		579826561DA00E5F00BB3EB8 /* AppEnvironment.swift in Sources */ = {isa = PBXBuildFile; fileRef = 579826551DA00E5F00BB3EB8 /* AppEnvironment.swift */; };
		579826591DA00EA600BB3EB8 /* Constants.swift in Sources */ = {isa = PBXBuildFile; fileRef = 579826581DA00EA600BB3EB8 /* Constants.swift */; };
		5798265B1DA01E9500BB3EB8 /* MainWireframe.swift in Sources */ = {isa = PBXBuildFile; fileRef = 5798265A1DA01E9500BB3EB8 /* MainWireframe.swift */; };
		5798265D1DA01F6700BB3EB8 /* MainViewController.swift in Sources */ = {isa = PBXBuildFile; fileRef = 5798265C1DA01F6700BB3EB8 /* MainViewController.swift */; };
		579826601DA0356F00BB3EB8 /* Settings.storyboard in Resources */ = {isa = PBXBuildFile; fileRef = 5798265E1DA0356F00BB3EB8 /* Settings.storyboard */; };
		579826621DA0359A00BB3EB8 /* SettingsViewController.swift in Sources */ = {isa = PBXBuildFile; fileRef = 579826611DA0359A00BB3EB8 /* SettingsViewController.swift */; };
/* End PBXBuildFile section */

/* Begin PBXContainerItemProxy section */
		5798262D1DA0042800BB3EB8 /* PBXContainerItemProxy */ = {
			isa = PBXContainerItemProxy;
			containerPortal = 579826101DA0042700BB3EB8 /* Project object */;
			proxyType = 1;
			remoteGlobalIDString = 579826171DA0042700BB3EB8;
			remoteInfo = "Picture Hunt";
		};
		579826381DA0042800BB3EB8 /* PBXContainerItemProxy */ = {
			isa = PBXContainerItemProxy;
			containerPortal = 579826101DA0042700BB3EB8 /* Project object */;
			proxyType = 1;
			remoteGlobalIDString = 579826171DA0042700BB3EB8;
			remoteInfo = "Picture Hunt";
		};
/* End PBXContainerItemProxy section */

/* Begin PBXFileReference section */
		579826181DA0042700BB3EB8 /* Picture Hunt.app */ = {isa = PBXFileReference; explicitFileType = wrapper.application; includeInIndex = 0; path = "Picture Hunt.app"; sourceTree = BUILT_PRODUCTS_DIR; };
		5798261B1DA0042700BB3EB8 /* AppDelegate.swift */ = {isa = PBXFileReference; lastKnownFileType = sourcecode.swift; path = AppDelegate.swift; sourceTree = "<group>"; };
		579826201DA0042700BB3EB8 /* Base */ = {isa = PBXFileReference; lastKnownFileType = file.storyboard; name = Base; path = Base.lproj/Main.storyboard; sourceTree = "<group>"; };
		579826221DA0042700BB3EB8 /* Assets.xcassets */ = {isa = PBXFileReference; lastKnownFileType = folder.assetcatalog; path = Assets.xcassets; sourceTree = "<group>"; };
		579826251DA0042700BB3EB8 /* Base */ = {isa = PBXFileReference; lastKnownFileType = file.storyboard; name = Base; path = Base.lproj/LaunchScreen.storyboard; sourceTree = "<group>"; };
		579826271DA0042700BB3EB8 /* Info.plist */ = {isa = PBXFileReference; lastKnownFileType = text.plist.xml; path = Info.plist; sourceTree = "<group>"; };
		5798262C1DA0042800BB3EB8 /* Picture HuntTests.xctest */ = {isa = PBXFileReference; explicitFileType = wrapper.cfbundle; includeInIndex = 0; path = "Picture HuntTests.xctest"; sourceTree = BUILT_PRODUCTS_DIR; };
		579826301DA0042800BB3EB8 /* Picture_HuntTests.swift */ = {isa = PBXFileReference; lastKnownFileType = sourcecode.swift; path = Picture_HuntTests.swift; sourceTree = "<group>"; };
		579826321DA0042800BB3EB8 /* Info.plist */ = {isa = PBXFileReference; lastKnownFileType = text.plist.xml; path = Info.plist; sourceTree = "<group>"; };
		579826371DA0042800BB3EB8 /* Picture HuntUITests.xctest */ = {isa = PBXFileReference; explicitFileType = wrapper.cfbundle; includeInIndex = 0; path = "Picture HuntUITests.xctest"; sourceTree = BUILT_PRODUCTS_DIR; };
		5798263B1DA0042800BB3EB8 /* Picture_HuntUITests.swift */ = {isa = PBXFileReference; lastKnownFileType = sourcecode.swift; path = Picture_HuntUITests.swift; sourceTree = "<group>"; };
		5798263D1DA0042800BB3EB8 /* Info.plist */ = {isa = PBXFileReference; lastKnownFileType = text.plist.xml; path = Info.plist; sourceTree = "<group>"; };
		5798264B1DA0045900BB3EB8 /* LoginViewController.swift */ = {isa = PBXFileReference; fileEncoding = 4; lastKnownFileType = sourcecode.swift; name = LoginViewController.swift; path = Classes/LoginViewController.swift; sourceTree = "<group>"; };
		5798264D1DA006D100BB3EB8 /* WelcomeViewController.swift */ = {isa = PBXFileReference; fileEncoding = 4; lastKnownFileType = sourcecode.swift; name = WelcomeViewController.swift; path = Classes/WelcomeViewController.swift; sourceTree = "<group>"; };
		579826501DA00DA800BB3EB8 /* RootWireframe.swift */ = {isa = PBXFileReference; fileEncoding = 4; lastKnownFileType = sourcecode.swift; name = RootWireframe.swift; path = Classes/Wireframes/RootWireframe.swift; sourceTree = "<group>"; };
		579826521DA00E4000BB3EB8 /* LoginWireframe.swift */ = {isa = PBXFileReference; fileEncoding = 4; lastKnownFileType = sourcecode.swift; name = LoginWireframe.swift; path = Classes/Wireframes/LoginWireframe.swift; sourceTree = "<group>"; };
		579826551DA00E5F00BB3EB8 /* AppEnvironment.swift */ = {isa = PBXFileReference; fileEncoding = 4; lastKnownFileType = sourcecode.swift; name = AppEnvironment.swift; path = Classes/Utilities/AppEnvironment.swift; sourceTree = "<group>"; };
		579826581DA00EA600BB3EB8 /* Constants.swift */ = {isa = PBXFileReference; fileEncoding = 4; lastKnownFileType = sourcecode.swift; name = Constants.swift; path = Classes/Constants/Constants.swift; sourceTree = "<group>"; };
		5798265A1DA01E9500BB3EB8 /* MainWireframe.swift */ = {isa = PBXFileReference; fileEncoding = 4; lastKnownFileType = sourcecode.swift; name = MainWireframe.swift; path = Classes/Wireframes/MainWireframe.swift; sourceTree = "<group>"; };
		5798265C1DA01F6700BB3EB8 /* MainViewController.swift */ = {isa = PBXFileReference; fileEncoding = 4; lastKnownFileType = sourcecode.swift; name = MainViewController.swift; path = Classes/MainViewController.swift; sourceTree = "<group>"; };
		5798265F1DA0356F00BB3EB8 /* Base */ = {isa = PBXFileReference; lastKnownFileType = file.storyboard; name = Base; path = Base.lproj/Settings.storyboard; sourceTree = "<group>"; };
		579826611DA0359A00BB3EB8 /* SettingsViewController.swift */ = {isa = PBXFileReference; fileEncoding = 4; lastKnownFileType = sourcecode.swift; name = SettingsViewController.swift; path = Classes/SettingsViewController.swift; sourceTree = "<group>"; };
/* End PBXFileReference section */

/* Begin PBXFrameworksBuildPhase section */
		579826151DA0042700BB3EB8 /* Frameworks */ = {
			isa = PBXFrameworksBuildPhase;
			buildActionMask = 2147483647;
			files = (
			);
			runOnlyForDeploymentPostprocessing = 0;
		};
		579826291DA0042800BB3EB8 /* Frameworks */ = {
			isa = PBXFrameworksBuildPhase;
			buildActionMask = 2147483647;
			files = (
			);
			runOnlyForDeploymentPostprocessing = 0;
		};
		579826341DA0042800BB3EB8 /* Frameworks */ = {
			isa = PBXFrameworksBuildPhase;
			buildActionMask = 2147483647;
			files = (
			);
			runOnlyForDeploymentPostprocessing = 0;
		};
/* End PBXFrameworksBuildPhase section */

/* Begin PBXGroup section */
		5798260F1DA0042700BB3EB8 = {
			isa = PBXGroup;
			children = (
				5798261A1DA0042700BB3EB8 /* Picture Hunt */,
				5798262F1DA0042800BB3EB8 /* Picture HuntTests */,
				5798263A1DA0042800BB3EB8 /* Picture HuntUITests */,
				579826191DA0042700BB3EB8 /* Products */,
			);
			sourceTree = "<group>";
		};
		579826191DA0042700BB3EB8 /* Products */ = {
			isa = PBXGroup;
			children = (
				579826181DA0042700BB3EB8 /* Picture Hunt.app */,
				5798262C1DA0042800BB3EB8 /* Picture HuntTests.xctest */,
				579826371DA0042800BB3EB8 /* Picture HuntUITests.xctest */,
			);
			name = Products;
			sourceTree = "<group>";
		};
		5798261A1DA0042700BB3EB8 /* Picture Hunt */ = {
			isa = PBXGroup;
			children = (
				5798265E1DA0356F00BB3EB8 /* Settings.storyboard */,
				579826491DA0043800BB3EB8 /* Classes */,
				5798261B1DA0042700BB3EB8 /* AppDelegate.swift */,
				5798261F1DA0042700BB3EB8 /* Main.storyboard */,
				579826221DA0042700BB3EB8 /* Assets.xcassets */,
				579826241DA0042700BB3EB8 /* LaunchScreen.storyboard */,
				579826271DA0042700BB3EB8 /* Info.plist */,
			);
			path = "Picture Hunt";
			sourceTree = "<group>";
		};
		5798262F1DA0042800BB3EB8 /* Picture HuntTests */ = {
			isa = PBXGroup;
			children = (
				579826301DA0042800BB3EB8 /* Picture_HuntTests.swift */,
				579826321DA0042800BB3EB8 /* Info.plist */,
			);
			path = "Picture HuntTests";
			sourceTree = "<group>";
		};
		5798263A1DA0042800BB3EB8 /* Picture HuntUITests */ = {
			isa = PBXGroup;
			children = (
				5798263B1DA0042800BB3EB8 /* Picture_HuntUITests.swift */,
				5798263D1DA0042800BB3EB8 /* Info.plist */,
			);
			path = "Picture HuntUITests";
			sourceTree = "<group>";
		};
		579826491DA0043800BB3EB8 /* Classes */ = {
			isa = PBXGroup;
			children = (
				9CD9B6641DA039EE0057A2E4 /* Components */,
				579826571DA00E9600BB3EB8 /* Constants */,
				579826541DA00E5200BB3EB8 /* Utilities */,
				5798264F1DA00D8D00BB3EB8 /* Wireframes */,
				5798264A1DA0044100BB3EB8 /* View Controllers */,
			);
			name = Classes;
			sourceTree = "<group>";
		};
		5798264A1DA0044100BB3EB8 /* View Controllers */ = {
			isa = PBXGroup;
			children = (
				5798264D1DA006D100BB3EB8 /* WelcomeViewController.swift */,
				5798264B1DA0045900BB3EB8 /* LoginViewController.swift */,
				5798265C1DA01F6700BB3EB8 /* MainViewController.swift */,
				579826611DA0359A00BB3EB8 /* SettingsViewController.swift */,
			);
			name = "View Controllers";
			sourceTree = "<group>";
		};
		5798264F1DA00D8D00BB3EB8 /* Wireframes */ = {
			isa = PBXGroup;
			children = (
				579826501DA00DA800BB3EB8 /* RootWireframe.swift */,
				579826521DA00E4000BB3EB8 /* LoginWireframe.swift */,
				5798265A1DA01E9500BB3EB8 /* MainWireframe.swift */,
			);
			name = Wireframes;
			sourceTree = "<group>";
		};
		579826541DA00E5200BB3EB8 /* Utilities */ = {
			isa = PBXGroup;
			children = (
				579826551DA00E5F00BB3EB8 /* AppEnvironment.swift */,
			);
			name = Utilities;
			sourceTree = "<group>";
		};
		579826571DA00E9600BB3EB8 /* Constants */ = {
			isa = PBXGroup;
			children = (
				579826581DA00EA600BB3EB8 /* Constants.swift */,
			);
			name = Constants;
			sourceTree = "<group>";
		};
		9CD9B6641DA039EE0057A2E4 /* Components */ = {
			isa = PBXGroup;
			children = (
			);
			name = Components;
			sourceTree = "<group>";
		};
/* End PBXGroup section */

/* Begin PBXNativeTarget section */
		579826171DA0042700BB3EB8 /* Picture Hunt */ = {
			isa = PBXNativeTarget;
			buildConfigurationList = 579826401DA0042800BB3EB8 /* Build configuration list for PBXNativeTarget "Picture Hunt" */;
			buildPhases = (
				579826141DA0042700BB3EB8 /* Sources */,
				579826151DA0042700BB3EB8 /* Frameworks */,
				579826161DA0042700BB3EB8 /* Resources */,
			);
			buildRules = (
			);
			dependencies = (
			);
			name = "Picture Hunt";
			productName = "Picture Hunt";
			productReference = 579826181DA0042700BB3EB8 /* Picture Hunt.app */;
			productType = "com.apple.product-type.application";
		};
		5798262B1DA0042800BB3EB8 /* Picture HuntTests */ = {
			isa = PBXNativeTarget;
			buildConfigurationList = 579826431DA0042800BB3EB8 /* Build configuration list for PBXNativeTarget "Picture HuntTests" */;
			buildPhases = (
				579826281DA0042800BB3EB8 /* Sources */,
				579826291DA0042800BB3EB8 /* Frameworks */,
				5798262A1DA0042800BB3EB8 /* Resources */,
			);
			buildRules = (
			);
			dependencies = (
				5798262E1DA0042800BB3EB8 /* PBXTargetDependency */,
			);
			name = "Picture HuntTests";
			productName = "Picture HuntTests";
			productReference = 5798262C1DA0042800BB3EB8 /* Picture HuntTests.xctest */;
			productType = "com.apple.product-type.bundle.unit-test";
		};
		579826361DA0042800BB3EB8 /* Picture HuntUITests */ = {
			isa = PBXNativeTarget;
			buildConfigurationList = 579826461DA0042800BB3EB8 /* Build configuration list for PBXNativeTarget "Picture HuntUITests" */;
			buildPhases = (
				579826331DA0042800BB3EB8 /* Sources */,
				579826341DA0042800BB3EB8 /* Frameworks */,
				579826351DA0042800BB3EB8 /* Resources */,
			);
			buildRules = (
			);
			dependencies = (
				579826391DA0042800BB3EB8 /* PBXTargetDependency */,
			);
			name = "Picture HuntUITests";
			productName = "Picture HuntUITests";
			productReference = 579826371DA0042800BB3EB8 /* Picture HuntUITests.xctest */;
			productType = "com.apple.product-type.bundle.ui-testing";
		};
/* End PBXNativeTarget section */

/* Begin PBXProject section */
		579826101DA0042700BB3EB8 /* Project object */ = {
			isa = PBXProject;
			attributes = {
				LastSwiftUpdateCheck = 0800;
				LastUpgradeCheck = 0800;
				ORGANIZATIONNAME = "Csongor Barabasi";
				TargetAttributes = {
					579826171DA0042700BB3EB8 = {
						CreatedOnToolsVersion = 8.0;
						DevelopmentTeam = ZUWW9J8PQJ;
						ProvisioningStyle = Automatic;
					};
					5798262B1DA0042800BB3EB8 = {
						CreatedOnToolsVersion = 8.0;
						DevelopmentTeam = ZUWW9J8PQJ;
						ProvisioningStyle = Automatic;
						TestTargetID = 579826171DA0042700BB3EB8;
					};
					579826361DA0042800BB3EB8 = {
						CreatedOnToolsVersion = 8.0;
						DevelopmentTeam = ZUWW9J8PQJ;
						ProvisioningStyle = Automatic;
						TestTargetID = 579826171DA0042700BB3EB8;
					};
				};
			};
			buildConfigurationList = 579826131DA0042700BB3EB8 /* Build configuration list for PBXProject "Picture Hunt" */;
			compatibilityVersion = "Xcode 3.2";
			developmentRegion = English;
			hasScannedForEncodings = 0;
			knownRegions = (
				en,
				Base,
			);
			mainGroup = 5798260F1DA0042700BB3EB8;
			productRefGroup = 579826191DA0042700BB3EB8 /* Products */;
			projectDirPath = "";
			projectRoot = "";
			targets = (
				579826171DA0042700BB3EB8 /* Picture Hunt */,
				5798262B1DA0042800BB3EB8 /* Picture HuntTests */,
				579826361DA0042800BB3EB8 /* Picture HuntUITests */,
			);
		};
/* End PBXProject section */

/* Begin PBXResourcesBuildPhase section */
		579826161DA0042700BB3EB8 /* Resources */ = {
			isa = PBXResourcesBuildPhase;
			buildActionMask = 2147483647;
			files = (
				579826261DA0042700BB3EB8 /* LaunchScreen.storyboard in Resources */,
				579826231DA0042700BB3EB8 /* Assets.xcassets in Resources */,
				579826211DA0042700BB3EB8 /* Main.storyboard in Resources */,
				579826601DA0356F00BB3EB8 /* Settings.storyboard in Resources */,
			);
			runOnlyForDeploymentPostprocessing = 0;
		};
		5798262A1DA0042800BB3EB8 /* Resources */ = {
			isa = PBXResourcesBuildPhase;
			buildActionMask = 2147483647;
			files = (
			);
			runOnlyForDeploymentPostprocessing = 0;
		};
		579826351DA0042800BB3EB8 /* Resources */ = {
			isa = PBXResourcesBuildPhase;
			buildActionMask = 2147483647;
			files = (
			);
			runOnlyForDeploymentPostprocessing = 0;
		};
/* End PBXResourcesBuildPhase section */

/* Begin PBXSourcesBuildPhase section */
		579826141DA0042700BB3EB8 /* Sources */ = {
			isa = PBXSourcesBuildPhase;
			buildActionMask = 2147483647;
			files = (
				579826511DA00DA800BB3EB8 /* RootWireframe.swift in Sources */,
				579826561DA00E5F00BB3EB8 /* AppEnvironment.swift in Sources */,
				5798264E1DA006D100BB3EB8 /* WelcomeViewController.swift in Sources */,
				579826621DA0359A00BB3EB8 /* SettingsViewController.swift in Sources */,
				5798264C1DA0045900BB3EB8 /* LoginViewController.swift in Sources */,
				579826591DA00EA600BB3EB8 /* Constants.swift in Sources */,
				5798265B1DA01E9500BB3EB8 /* MainWireframe.swift in Sources */,
				5798265D1DA01F6700BB3EB8 /* MainViewController.swift in Sources */,
				579826531DA00E4000BB3EB8 /* LoginWireframe.swift in Sources */,
				5798261C1DA0042700BB3EB8 /* AppDelegate.swift in Sources */,
			);
			runOnlyForDeploymentPostprocessing = 0;
		};
		579826281DA0042800BB3EB8 /* Sources */ = {
			isa = PBXSourcesBuildPhase;
			buildActionMask = 2147483647;
			files = (
				579826311DA0042800BB3EB8 /* Picture_HuntTests.swift in Sources */,
			);
			runOnlyForDeploymentPostprocessing = 0;
		};
		579826331DA0042800BB3EB8 /* Sources */ = {
			isa = PBXSourcesBuildPhase;
			buildActionMask = 2147483647;
			files = (
				5798263C1DA0042800BB3EB8 /* Picture_HuntUITests.swift in Sources */,
			);
			runOnlyForDeploymentPostprocessing = 0;
		};
/* End PBXSourcesBuildPhase section */

/* Begin PBXTargetDependency section */
		5798262E1DA0042800BB3EB8 /* PBXTargetDependency */ = {
			isa = PBXTargetDependency;
			target = 579826171DA0042700BB3EB8 /* Picture Hunt */;
			targetProxy = 5798262D1DA0042800BB3EB8 /* PBXContainerItemProxy */;
		};
		579826391DA0042800BB3EB8 /* PBXTargetDependency */ = {
			isa = PBXTargetDependency;
			target = 579826171DA0042700BB3EB8 /* Picture Hunt */;
			targetProxy = 579826381DA0042800BB3EB8 /* PBXContainerItemProxy */;
		};
/* End PBXTargetDependency section */

/* Begin PBXVariantGroup section */
		5798261F1DA0042700BB3EB8 /* Main.storyboard */ = {
			isa = PBXVariantGroup;
			children = (
				579826201DA0042700BB3EB8 /* Base */,
			);
			name = Main.storyboard;
			sourceTree = "<group>";
		};
		579826241DA0042700BB3EB8 /* LaunchScreen.storyboard */ = {
			isa = PBXVariantGroup;
			children = (
				579826251DA0042700BB3EB8 /* Base */,
			);
			name = LaunchScreen.storyboard;
			sourceTree = "<group>";
		};
		5798265E1DA0356F00BB3EB8 /* Settings.storyboard */ = {
			isa = PBXVariantGroup;
			children = (
				5798265F1DA0356F00BB3EB8 /* Base */,
			);
			name = Settings.storyboard;
			sourceTree = "<group>";
		};
/* End PBXVariantGroup section */

/* Begin XCBuildConfiguration section */
		5798263E1DA0042800BB3EB8 /* Debug */ = {
			isa = XCBuildConfiguration;
			buildSettings = {
				ALWAYS_SEARCH_USER_PATHS = NO;
				CLANG_ANALYZER_NONNULL = YES;
				CLANG_CXX_LANGUAGE_STANDARD = "gnu++0x";
				CLANG_CXX_LIBRARY = "libc++";
				CLANG_ENABLE_MODULES = YES;
				CLANG_ENABLE_OBJC_ARC = YES;
				CLANG_WARN_BOOL_CONVERSION = YES;
				CLANG_WARN_CONSTANT_CONVERSION = YES;
				CLANG_WARN_DIRECT_OBJC_ISA_USAGE = YES_ERROR;
				CLANG_WARN_DOCUMENTATION_COMMENTS = YES;
				CLANG_WARN_EMPTY_BODY = YES;
				CLANG_WARN_ENUM_CONVERSION = YES;
				CLANG_WARN_INFINITE_RECURSION = YES;
				CLANG_WARN_INT_CONVERSION = YES;
				CLANG_WARN_OBJC_ROOT_CLASS = YES_ERROR;
				CLANG_WARN_SUSPICIOUS_MOVES = YES;
				CLANG_WARN_UNREACHABLE_CODE = YES;
				CLANG_WARN__DUPLICATE_METHOD_MATCH = YES;
				"CODE_SIGN_IDENTITY[sdk=iphoneos*]" = "iPhone Developer";
				COPY_PHASE_STRIP = NO;
				DEBUG_INFORMATION_FORMAT = dwarf;
				ENABLE_STRICT_OBJC_MSGSEND = YES;
				ENABLE_TESTABILITY = YES;
				GCC_C_LANGUAGE_STANDARD = gnu99;
				GCC_DYNAMIC_NO_PIC = NO;
				GCC_NO_COMMON_BLOCKS = YES;
				GCC_OPTIMIZATION_LEVEL = 0;
				GCC_PREPROCESSOR_DEFINITIONS = (
					"DEBUG=1",
					"$(inherited)",
				);
				GCC_WARN_64_TO_32_BIT_CONVERSION = YES;
				GCC_WARN_ABOUT_RETURN_TYPE = YES_ERROR;
				GCC_WARN_UNDECLARED_SELECTOR = YES;
				GCC_WARN_UNINITIALIZED_AUTOS = YES_AGGRESSIVE;
				GCC_WARN_UNUSED_FUNCTION = YES;
				GCC_WARN_UNUSED_VARIABLE = YES;
				IPHONEOS_DEPLOYMENT_TARGET = 10.0;
				MTL_ENABLE_DEBUG_INFO = YES;
				ONLY_ACTIVE_ARCH = YES;
				SDKROOT = iphoneos;
				SWIFT_ACTIVE_COMPILATION_CONDITIONS = DEBUG;
				SWIFT_OPTIMIZATION_LEVEL = "-Onone";
			};
			name = Debug;
		};
		5798263F1DA0042800BB3EB8 /* Release */ = {
			isa = XCBuildConfiguration;
			buildSettings = {
				ALWAYS_SEARCH_USER_PATHS = NO;
				CLANG_ANALYZER_NONNULL = YES;
				CLANG_CXX_LANGUAGE_STANDARD = "gnu++0x";
				CLANG_CXX_LIBRARY = "libc++";
				CLANG_ENABLE_MODULES = YES;
				CLANG_ENABLE_OBJC_ARC = YES;
				CLANG_WARN_BOOL_CONVERSION = YES;
				CLANG_WARN_CONSTANT_CONVERSION = YES;
				CLANG_WARN_DIRECT_OBJC_ISA_USAGE = YES_ERROR;
				CLANG_WARN_DOCUMENTATION_COMMENTS = YES;
				CLANG_WARN_EMPTY_BODY = YES;
				CLANG_WARN_ENUM_CONVERSION = YES;
				CLANG_WARN_INFINITE_RECURSION = YES;
				CLANG_WARN_INT_CONVERSION = YES;
				CLANG_WARN_OBJC_ROOT_CLASS = YES_ERROR;
				CLANG_WARN_SUSPICIOUS_MOVES = YES;
				CLANG_WARN_UNREACHABLE_CODE = YES;
				CLANG_WARN__DUPLICATE_METHOD_MATCH = YES;
				"CODE_SIGN_IDENTITY[sdk=iphoneos*]" = "iPhone Developer";
				COPY_PHASE_STRIP = NO;
				DEBUG_INFORMATION_FORMAT = "dwarf-with-dsym";
				ENABLE_NS_ASSERTIONS = NO;
				ENABLE_STRICT_OBJC_MSGSEND = YES;
				GCC_C_LANGUAGE_STANDARD = gnu99;
				GCC_NO_COMMON_BLOCKS = YES;
				GCC_WARN_64_TO_32_BIT_CONVERSION = YES;
				GCC_WARN_ABOUT_RETURN_TYPE = YES_ERROR;
				GCC_WARN_UNDECLARED_SELECTOR = YES;
				GCC_WARN_UNINITIALIZED_AUTOS = YES_AGGRESSIVE;
				GCC_WARN_UNUSED_FUNCTION = YES;
				GCC_WARN_UNUSED_VARIABLE = YES;
				IPHONEOS_DEPLOYMENT_TARGET = 10.0;
				MTL_ENABLE_DEBUG_INFO = NO;
				SDKROOT = iphoneos;
				SWIFT_OPTIMIZATION_LEVEL = "-Owholemodule";
				VALIDATE_PRODUCT = YES;
			};
			name = Release;
		};
		579826411DA0042800BB3EB8 /* Debug */ = {
			isa = XCBuildConfiguration;
			buildSettings = {
				ASSETCATALOG_COMPILER_APPICON_NAME = AppIcon;
				DEVELOPMENT_TEAM = ZUWW9J8PQJ;
				INFOPLIST_FILE = "Picture Hunt/Info.plist";
				LD_RUNPATH_SEARCH_PATHS = "$(inherited) @executable_path/Frameworks";
				PRODUCT_BUNDLE_IDENTIFIER = "PictureHunt.Picture-Hunt";
				PRODUCT_NAME = "$(TARGET_NAME)";
				SWIFT_VERSION = 3.0;
			};
			name = Debug;
		};
		579826421DA0042800BB3EB8 /* Release */ = {
			isa = XCBuildConfiguration;
			buildSettings = {
				ASSETCATALOG_COMPILER_APPICON_NAME = AppIcon;
				DEVELOPMENT_TEAM = ZUWW9J8PQJ;
				INFOPLIST_FILE = "Picture Hunt/Info.plist";
				LD_RUNPATH_SEARCH_PATHS = "$(inherited) @executable_path/Frameworks";
				PRODUCT_BUNDLE_IDENTIFIER = "PictureHunt.Picture-Hunt";
				PRODUCT_NAME = "$(TARGET_NAME)";
				SWIFT_VERSION = 3.0;
			};
			name = Release;
		};
		579826441DA0042800BB3EB8 /* Debug */ = {
			isa = XCBuildConfiguration;
			buildSettings = {
				ALWAYS_EMBED_SWIFT_STANDARD_LIBRARIES = YES;
				BUNDLE_LOADER = "$(TEST_HOST)";
				DEVELOPMENT_TEAM = ZUWW9J8PQJ;
				INFOPLIST_FILE = "Picture HuntTests/Info.plist";
				LD_RUNPATH_SEARCH_PATHS = "$(inherited) @executable_path/Frameworks @loader_path/Frameworks";
				PRODUCT_BUNDLE_IDENTIFIER = "PictureHunt.Picture-HuntTests";
				PRODUCT_NAME = "$(TARGET_NAME)";
				SWIFT_VERSION = 3.0;
				TEST_HOST = "$(BUILT_PRODUCTS_DIR)/Picture Hunt.app/Picture Hunt";
			};
			name = Debug;
		};
		579826451DA0042800BB3EB8 /* Release */ = {
			isa = XCBuildConfiguration;
			buildSettings = {
				ALWAYS_EMBED_SWIFT_STANDARD_LIBRARIES = YES;
				BUNDLE_LOADER = "$(TEST_HOST)";
				DEVELOPMENT_TEAM = ZUWW9J8PQJ;
				INFOPLIST_FILE = "Picture HuntTests/Info.plist";
				LD_RUNPATH_SEARCH_PATHS = "$(inherited) @executable_path/Frameworks @loader_path/Frameworks";
				PRODUCT_BUNDLE_IDENTIFIER = "PictureHunt.Picture-HuntTests";
				PRODUCT_NAME = "$(TARGET_NAME)";
				SWIFT_VERSION = 3.0;
				TEST_HOST = "$(BUILT_PRODUCTS_DIR)/Picture Hunt.app/Picture Hunt";
			};
			name = Release;
		};
		579826471DA0042800BB3EB8 /* Debug */ = {
			isa = XCBuildConfiguration;
			buildSettings = {
				ALWAYS_EMBED_SWIFT_STANDARD_LIBRARIES = YES;
				DEVELOPMENT_TEAM = ZUWW9J8PQJ;
				INFOPLIST_FILE = "Picture HuntUITests/Info.plist";
				LD_RUNPATH_SEARCH_PATHS = "$(inherited) @executable_path/Frameworks @loader_path/Frameworks";
				PRODUCT_BUNDLE_IDENTIFIER = "PictureHunt.Picture-HuntUITests";
				PRODUCT_NAME = "$(TARGET_NAME)";
				SWIFT_VERSION = 3.0;
				TEST_TARGET_NAME = "Picture Hunt";
			};
			name = Debug;
		};
		579826481DA0042800BB3EB8 /* Release */ = {
			isa = XCBuildConfiguration;
			buildSettings = {
				ALWAYS_EMBED_SWIFT_STANDARD_LIBRARIES = YES;
				DEVELOPMENT_TEAM = ZUWW9J8PQJ;
				INFOPLIST_FILE = "Picture HuntUITests/Info.plist";
				LD_RUNPATH_SEARCH_PATHS = "$(inherited) @executable_path/Frameworks @loader_path/Frameworks";
				PRODUCT_BUNDLE_IDENTIFIER = "PictureHunt.Picture-HuntUITests";
				PRODUCT_NAME = "$(TARGET_NAME)";
				SWIFT_VERSION = 3.0;
				TEST_TARGET_NAME = "Picture Hunt";
			};
			name = Release;
		};
/* End XCBuildConfiguration section */

/* Begin XCConfigurationList section */
		579826131DA0042700BB3EB8 /* Build configuration list for PBXProject "Picture Hunt" */ = {
			isa = XCConfigurationList;
			buildConfigurations = (
				5798263E1DA0042800BB3EB8 /* Debug */,
				5798263F1DA0042800BB3EB8 /* Release */,
			);
			defaultConfigurationIsVisible = 0;
			defaultConfigurationName = Release;
		};
		579826401DA0042800BB3EB8 /* Build configuration list for PBXNativeTarget "Picture Hunt" */ = {
			isa = XCConfigurationList;
			buildConfigurations = (
				579826411DA0042800BB3EB8 /* Debug */,
				579826421DA0042800BB3EB8 /* Release */,
			);
			defaultConfigurationIsVisible = 0;
			defaultConfigurationName = Release;
		};
		579826431DA0042800BB3EB8 /* Build configuration list for PBXNativeTarget "Picture HuntTests" */ = {
			isa = XCConfigurationList;
			buildConfigurations = (
				579826441DA0042800BB3EB8 /* Debug */,
				579826451DA0042800BB3EB8 /* Release */,
			);
			defaultConfigurationIsVisible = 0;
			defaultConfigurationName = Release;
		};
		579826461DA0042800BB3EB8 /* Build configuration list for PBXNativeTarget "Picture HuntUITests" */ = {
			isa = XCConfigurationList;
			buildConfigurations = (
				579826471DA0042800BB3EB8 /* Debug */,
				579826481DA0042800BB3EB8 /* Release */,
			);
			defaultConfigurationIsVisible = 0;
			defaultConfigurationName = Release;
		};
/* End XCConfigurationList section */
	};
	rootObject = 579826101DA0042700BB3EB8 /* Project object */;
}
